
Microsoft Visual Studio Solution File, Format Version 12.00
# Visual Studio Version 17
VisualStudioVersion = 17.1.32210.238
MinimumVisualStudioVersion = 10.0.40219.1
Project("{8BC9CEB8-8B4A-11D0-8D11-00A0C91BC942}") = "DZ_07_01", "DZ_07_01\DZ_07_01.vcxproj", "{8FDD087E-48AF-4373-96B7-8E28C4B6CBCB}"
EndProject
Global
	GlobalSection(SolutionConfigurationPlatforms) = preSolution
		Debug|x64 = Debug|x64
		Debug|x86 = Debug|x86
		Release|x64 = Release|x64
		Release|x86 = Release|x86
	EndGlobalSection
	GlobalSection(ProjectConfigurationPlatforms) = postSolution
		{8FDD087E-48AF-4373-96B7-8E28C4B6CBCB}.Debug|x64.ActiveCfg = Debug|x64
		{8FDD087E-48AF-4373-96B7-8E28C4B6CBCB}.Debug|x64.Build.0 = Debug|x64
		{8FDD087E-48AF-4373-96B7-8E28C4B6CBCB}.Debug|x86.ActiveCfg = Debug|Win32
		{8FDD087E-48AF-4373-96B7-8E28C4B6CBCB}.Debug|x86.Build.0 = Debug|Win32
		{8FDD087E-48AF-4373-96B7-8E28C4B6CBCB}.Release|x64.ActiveCfg = Release|x64
		{8FDD087E-48AF-4373-96B7-8E28C4B6CBCB}.Release|x64.Build.0 = Release|x64
		{8FDD087E-48AF-4373-96B7-8E28C4B6CBCB}.Release|x86.ActiveCfg = Release|Win32
		{8FDD087E-48AF-4373-96B7-8E28C4B6CBCB}.Release|x86.Build.0 = Release|Win32
	EndGlobalSection
	GlobalSection(SolutionProperties) = preSolution
		HideSolutionNode = FALSE
	EndGlobalSection
	GlobalSection(ExtensibilityGlobals) = postSolution
		SolutionGuid = {089AA7A8-2580-4BE3-A1CA-5FA8A8CF7194}
	EndGlobalSection
EndGlobal
